// !$*UTF8*$!
{
	archiveVersion = 1;
	classes = {
	};
	objectVersion = 50;
	objects = {

/* Begin PBXBuildFile section */
		0889AECEAA58382730D032D4 /* Pods_refreshing_stomach.framework in Frameworks */ = {isa = PBXBuildFile; fileRef = 8F949DA560B676895ED1B813 /* Pods_refreshing_stomach.framework */; };
		A8F39C362310FCD000C3CDA6 /* GoogleService-Info.plist in Resources */ = {isa = PBXBuildFile; fileRef = A8F39C352310FCD000C3CDA6 /* GoogleService-Info.plist */; };
		A8FC111323126AD400C3BDF3 /* Interface.storyboard in Resources */ = {isa = PBXBuildFile; fileRef = A8FC111123126AD400C3BDF3 /* Interface.storyboard */; };
		A8FC111523126AD600C3BDF3 /* Assets.xcassets in Resources */ = {isa = PBXBuildFile; fileRef = A8FC111423126AD600C3BDF3 /* Assets.xcassets */; };
		A8FC111C23126AD600C3BDF3 /* refreshing-stomach-watch Extension.appex in Embed App Extensions */ = {isa = PBXBuildFile; fileRef = A8FC111B23126AD600C3BDF3 /* refreshing-stomach-watch Extension.appex */; settings = {ATTRIBUTES = (RemoveHeadersOnCopy, ); }; };
		A8FC112123126AD600C3BDF3 /* InterfaceController.swift in Sources */ = {isa = PBXBuildFile; fileRef = A8FC112023126AD600C3BDF3 /* InterfaceController.swift */; };
		A8FC112323126AD600C3BDF3 /* ExtensionDelegate.swift in Sources */ = {isa = PBXBuildFile; fileRef = A8FC112223126AD600C3BDF3 /* ExtensionDelegate.swift */; };
		A8FC112523126AD600C3BDF3 /* NotificationController.swift in Sources */ = {isa = PBXBuildFile; fileRef = A8FC112423126AD600C3BDF3 /* NotificationController.swift */; };
		A8FC112723126AD700C3BDF3 /* Assets.xcassets in Resources */ = {isa = PBXBuildFile; fileRef = A8FC112623126AD700C3BDF3 /* Assets.xcassets */; };
		A8FC112C23126AD700C3BDF3 /* refreshing-stomach-watch.app in Embed Watch Content */ = {isa = PBXBuildFile; fileRef = A8FC110F23126AD400C3BDF3 /* refreshing-stomach-watch.app */; };
		A8FC113623126FC900C3BDF3 /* Assets.xcassets in Resources */ = {isa = PBXBuildFile; fileRef = F2C1016B23025791000822E0 /* Assets.xcassets */; };
		A8FC113823127CB100C3BDF3 /* WatchSupport.swift in Sources */ = {isa = PBXBuildFile; fileRef = A8FC113723127CB100C3BDF3 /* WatchSupport.swift */; };
		F201A7E42306D5C30031E9E5 /* ActionController.swift in Sources */ = {isa = PBXBuildFile; fileRef = F201A7E32306D5C30031E9E5 /* ActionController.swift */; };
		F201A7E62306E1A30031E9E5 /* LogController.swift in Sources */ = {isa = PBXBuildFile; fileRef = F201A7E52306E1A30031E9E5 /* LogController.swift */; };
		F266A1E623054A0400203C7F /* UserDefaultsSupport.swift in Sources */ = {isa = PBXBuildFile; fileRef = F266A1E523054A0400203C7F /* UserDefaultsSupport.swift */; };
		F266A1E823054D8300203C7F /* SystemSupport.swift in Sources */ = {isa = PBXBuildFile; fileRef = F266A1E723054D8300203C7F /* SystemSupport.swift */; };
		F266A1EB23065D4500203C7F /* User.swift in Sources */ = {isa = PBXBuildFile; fileRef = F266A1EA23065D4500203C7F /* User.swift */; };
		F266A1EE23068FEB00203C7F /* Log.xcdatamodeld in Sources */ = {isa = PBXBuildFile; fileRef = F266A1EC23068FEB00203C7F /* Log.xcdatamodeld */; };
		F26D800023039E28009F4FC9 /* Profile.storyboard in Resources */ = {isa = PBXBuildFile; fileRef = F26D7FFF23039E28009F4FC9 /* Profile.storyboard */; };
		F26D800223039E45009F4FC9 /* Logs.storyboard in Resources */ = {isa = PBXBuildFile; fileRef = F26D800123039E45009F4FC9 /* Logs.storyboard */; };
		F26D800423039E63009F4FC9 /* Report.storyboard in Resources */ = {isa = PBXBuildFile; fileRef = F26D800323039E63009F4FC9 /* Report.storyboard */; };
		F26D800623039EEC009F4FC9 /* Action.storyboard in Resources */ = {isa = PBXBuildFile; fileRef = F26D800523039EEC009F4FC9 /* Action.storyboard */; };
		F26D80092303E9E5009F4FC9 /* ProfileController.swift in Sources */ = {isa = PBXBuildFile; fileRef = F26D80082303E9E5009F4FC9 /* ProfileController.swift */; };
		F26D800B2303F3FC009F4FC9 /* RegistUserInfoController.swift in Sources */ = {isa = PBXBuildFile; fileRef = F26D800A2303F3FC009F4FC9 /* RegistUserInfoController.swift */; };
		F2947D92230BA22A00970AD1 /* EditUserInfoController.swift in Sources */ = {isa = PBXBuildFile; fileRef = F2947D91230BA22A00970AD1 /* EditUserInfoController.swift */; };
		F2ADB77A230CE40A0043669E /* UISupport.swift in Sources */ = {isa = PBXBuildFile; fileRef = F2ADB779230CE40A0043669E /* UISupport.swift */; };
		F2ADB77C230D221B0043669E /* Log.swift in Sources */ = {isa = PBXBuildFile; fileRef = F2ADB77B230D221B0043669E /* Log.swift */; };
		F2ADB783230D44DE0043669E /* LogTypeSelectorBulletinPage.swift in Sources */ = {isa = PBXBuildFile; fileRef = F2ADB781230D44DD0043669E /* LogTypeSelectorBulletinPage.swift */; };
		F2ADB784230D44DE0043669E /* FeedbackPageBulletinItem.swift in Sources */ = {isa = PBXBuildFile; fileRef = F2ADB782230D44DD0043669E /* FeedbackPageBulletinItem.swift */; };
		F2ADB786230D45240043669E /* FeedbackGenerators.swift in Sources */ = {isa = PBXBuildFile; fileRef = F2ADB785230D45230043669E /* FeedbackGenerators.swift */; };
		F2ADB789230E934E0043669E /* LogCell.swift in Sources */ = {isa = PBXBuildFile; fileRef = F2ADB788230E934E0043669E /* LogCell.swift */; };
		F2C101622302578E000822E0 /* AppDelegate.swift in Sources */ = {isa = PBXBuildFile; fileRef = F2C101612302578E000822E0 /* AppDelegate.swift */; };
		F2C101642302578E000822E0 /* ViewController.swift in Sources */ = {isa = PBXBuildFile; fileRef = F2C101632302578E000822E0 /* ViewController.swift */; };
		F2C101672302578E000822E0 /* Main.storyboard in Resources */ = {isa = PBXBuildFile; fileRef = F2C101652302578E000822E0 /* Main.storyboard */; };
		F2C1016C23025791000822E0 /* Assets.xcassets in Resources */ = {isa = PBXBuildFile; fileRef = F2C1016B23025791000822E0 /* Assets.xcassets */; };
		F2C1016F23025791000822E0 /* LaunchScreen.storyboard in Resources */ = {isa = PBXBuildFile; fileRef = F2C1016D23025791000822E0 /* LaunchScreen.storyboard */; };
		F2C1017A23025FF0000822E0 /* Auth.storyboard in Resources */ = {isa = PBXBuildFile; fileRef = F2C1017923025FF0000822E0 /* Auth.storyboard */; };
		F2C1017E23026D9C000822E0 /* WelcomeController.swift in Sources */ = {isa = PBXBuildFile; fileRef = F2C1017D23026D9C000822E0 /* WelcomeController.swift */; };
		F2C1018023028422000822E0 /* RegisterController.swift in Sources */ = {isa = PBXBuildFile; fileRef = F2C1017F23028422000822E0 /* RegisterController.swift */; };
		F2C1018323029112000822E0 /* UIViewControllerSupport.swift in Sources */ = {isa = PBXBuildFile; fileRef = F2C1018223029112000822E0 /* UIViewControllerSupport.swift */; };
		F2C1018523029B4E000822E0 /* EmailVerificationController.swift in Sources */ = {isa = PBXBuildFile; fileRef = F2C1018423029B4E000822E0 /* EmailVerificationController.swift */; };
		F2C101892302AF55000822E0 /* LoginController.swift in Sources */ = {isa = PBXBuildFile; fileRef = F2C101882302AF55000822E0 /* LoginController.swift */; };
		F2C1018B2302B73B000822E0 /* SendPasswordResetMailController.swift in Sources */ = {isa = PBXBuildFile; fileRef = F2C1018A2302B73B000822E0 /* SendPasswordResetMailController.swift */; };
/* End PBXBuildFile section */

/* Begin PBXContainerItemProxy section */
		A8FC111D23126AD600C3BDF3 /* PBXContainerItemProxy */ = {
			isa = PBXContainerItemProxy;
			containerPortal = F2C101562302578E000822E0 /* Project object */;
			proxyType = 1;
			remoteGlobalIDString = A8FC111A23126AD600C3BDF3;
			remoteInfo = "refreshing-stomach-watch Extension";
		};
		A8FC112A23126AD700C3BDF3 /* PBXContainerItemProxy */ = {
			isa = PBXContainerItemProxy;
			containerPortal = F2C101562302578E000822E0 /* Project object */;
			proxyType = 1;
			remoteGlobalIDString = A8FC110E23126AD400C3BDF3;
			remoteInfo = "refreshing-stomach-watch";
		};
/* End PBXContainerItemProxy section */

/* Begin PBXCopyFilesBuildPhase section */
		A8FC113223126AD700C3BDF3 /* Embed App Extensions */ = {
			isa = PBXCopyFilesBuildPhase;
			buildActionMask = 2147483647;
			dstPath = "";
			dstSubfolderSpec = 13;
			files = (
				A8FC111C23126AD600C3BDF3 /* refreshing-stomach-watch Extension.appex in Embed App Extensions */,
			);
			name = "Embed App Extensions";
			runOnlyForDeploymentPostprocessing = 0;
		};
		A8FC113423126AD700C3BDF3 /* Embed Watch Content */ = {
			isa = PBXCopyFilesBuildPhase;
			buildActionMask = 2147483647;
			dstPath = "$(CONTENTS_FOLDER_PATH)/Watch";
			dstSubfolderSpec = 16;
			files = (
				A8FC112C23126AD700C3BDF3 /* refreshing-stomach-watch.app in Embed Watch Content */,
			);
			name = "Embed Watch Content";
			runOnlyForDeploymentPostprocessing = 0;
		};
/* End PBXCopyFilesBuildPhase section */

/* Begin PBXFileReference section */
		8F949DA560B676895ED1B813 /* Pods_refreshing_stomach.framework */ = {isa = PBXFileReference; explicitFileType = wrapper.framework; includeInIndex = 0; path = Pods_refreshing_stomach.framework; sourceTree = BUILT_PRODUCTS_DIR; };
		A8F39C352310FCD000C3CDA6 /* GoogleService-Info.plist */ = {isa = PBXFileReference; fileEncoding = 4; lastKnownFileType = text.plist.xml; name = "GoogleService-Info.plist"; path = "../../../../Downloads/GoogleService-Info.plist"; sourceTree = "<group>"; };
		A8FC110F23126AD400C3BDF3 /* refreshing-stomach-watch.app */ = {isa = PBXFileReference; explicitFileType = wrapper.application; includeInIndex = 0; path = "refreshing-stomach-watch.app"; sourceTree = BUILT_PRODUCTS_DIR; };
		A8FC111223126AD400C3BDF3 /* Base */ = {isa = PBXFileReference; lastKnownFileType = file.storyboard; name = Base; path = Base.lproj/Interface.storyboard; sourceTree = "<group>"; };
		A8FC111423126AD600C3BDF3 /* Assets.xcassets */ = {isa = PBXFileReference; lastKnownFileType = folder.assetcatalog; path = Assets.xcassets; sourceTree = "<group>"; };
		A8FC111623126AD600C3BDF3 /* Info.plist */ = {isa = PBXFileReference; lastKnownFileType = text.plist.xml; path = Info.plist; sourceTree = "<group>"; };
		A8FC111B23126AD600C3BDF3 /* refreshing-stomach-watch Extension.appex */ = {isa = PBXFileReference; explicitFileType = "wrapper.app-extension"; includeInIndex = 0; path = "refreshing-stomach-watch Extension.appex"; sourceTree = BUILT_PRODUCTS_DIR; };
		A8FC112023126AD600C3BDF3 /* InterfaceController.swift */ = {isa = PBXFileReference; lastKnownFileType = sourcecode.swift; path = InterfaceController.swift; sourceTree = "<group>"; };
		A8FC112223126AD600C3BDF3 /* ExtensionDelegate.swift */ = {isa = PBXFileReference; lastKnownFileType = sourcecode.swift; path = ExtensionDelegate.swift; sourceTree = "<group>"; };
		A8FC112423126AD600C3BDF3 /* NotificationController.swift */ = {isa = PBXFileReference; lastKnownFileType = sourcecode.swift; path = NotificationController.swift; sourceTree = "<group>"; };
		A8FC112623126AD700C3BDF3 /* Assets.xcassets */ = {isa = PBXFileReference; lastKnownFileType = folder.assetcatalog; path = Assets.xcassets; sourceTree = "<group>"; };
		A8FC112823126AD700C3BDF3 /* Info.plist */ = {isa = PBXFileReference; lastKnownFileType = text.plist.xml; path = Info.plist; sourceTree = "<group>"; };
		A8FC112923126AD700C3BDF3 /* PushNotificationPayload.apns */ = {isa = PBXFileReference; lastKnownFileType = text; path = PushNotificationPayload.apns; sourceTree = "<group>"; };
		A8FC113723127CB100C3BDF3 /* WatchSupport.swift */ = {isa = PBXFileReference; lastKnownFileType = sourcecode.swift; path = WatchSupport.swift; sourceTree = "<group>"; };
		D5C988BEC12EA7ADAA721C8C /* Pods-refreshing-stomach.release.xcconfig */ = {isa = PBXFileReference; includeInIndex = 1; lastKnownFileType = text.xcconfig; name = "Pods-refreshing-stomach.release.xcconfig"; path = "Target Support Files/Pods-refreshing-stomach/Pods-refreshing-stomach.release.xcconfig"; sourceTree = "<group>"; };
		EE72309FB71DBF9EAC4953B3 /* Pods-refreshing-stomach.debug.xcconfig */ = {isa = PBXFileReference; includeInIndex = 1; lastKnownFileType = text.xcconfig; name = "Pods-refreshing-stomach.debug.xcconfig"; path = "Target Support Files/Pods-refreshing-stomach/Pods-refreshing-stomach.debug.xcconfig"; sourceTree = "<group>"; };
		F201A7E32306D5C30031E9E5 /* ActionController.swift */ = {isa = PBXFileReference; lastKnownFileType = sourcecode.swift; path = ActionController.swift; sourceTree = "<group>"; };
		F201A7E52306E1A30031E9E5 /* LogController.swift */ = {isa = PBXFileReference; lastKnownFileType = sourcecode.swift; path = LogController.swift; sourceTree = "<group>"; };
		F266A1E523054A0400203C7F /* UserDefaultsSupport.swift */ = {isa = PBXFileReference; lastKnownFileType = sourcecode.swift; path = UserDefaultsSupport.swift; sourceTree = "<group>"; };
		F266A1E723054D8300203C7F /* SystemSupport.swift */ = {isa = PBXFileReference; lastKnownFileType = sourcecode.swift; path = SystemSupport.swift; sourceTree = "<group>"; };
		F266A1EA23065D4500203C7F /* User.swift */ = {isa = PBXFileReference; lastKnownFileType = sourcecode.swift; path = User.swift; sourceTree = "<group>"; };
		F266A1ED23068FEB00203C7F /* Log.xcdatamodel */ = {isa = PBXFileReference; lastKnownFileType = wrapper.xcdatamodel; path = Log.xcdatamodel; sourceTree = "<group>"; };
		F26D7FFF23039E28009F4FC9 /* Profile.storyboard */ = {isa = PBXFileReference; lastKnownFileType = file.storyboard; path = Profile.storyboard; sourceTree = "<group>"; };
		F26D800123039E45009F4FC9 /* Logs.storyboard */ = {isa = PBXFileReference; lastKnownFileType = file.storyboard; path = Logs.storyboard; sourceTree = "<group>"; };
		F26D800323039E63009F4FC9 /* Report.storyboard */ = {isa = PBXFileReference; lastKnownFileType = file.storyboard; path = Report.storyboard; sourceTree = "<group>"; };
		F26D800523039EEC009F4FC9 /* Action.storyboard */ = {isa = PBXFileReference; lastKnownFileType = file.storyboard; path = Action.storyboard; sourceTree = "<group>"; };
		F26D80082303E9E5009F4FC9 /* ProfileController.swift */ = {isa = PBXFileReference; lastKnownFileType = sourcecode.swift; path = ProfileController.swift; sourceTree = "<group>"; };
		F26D800A2303F3FC009F4FC9 /* RegistUserInfoController.swift */ = {isa = PBXFileReference; lastKnownFileType = sourcecode.swift; path = RegistUserInfoController.swift; sourceTree = "<group>"; };
		F2947D91230BA22A00970AD1 /* EditUserInfoController.swift */ = {isa = PBXFileReference; lastKnownFileType = sourcecode.swift; path = EditUserInfoController.swift; sourceTree = "<group>"; };
		F2ADB779230CE40A0043669E /* UISupport.swift */ = {isa = PBXFileReference; lastKnownFileType = sourcecode.swift; path = UISupport.swift; sourceTree = "<group>"; };
		F2ADB77B230D221B0043669E /* Log.swift */ = {isa = PBXFileReference; lastKnownFileType = sourcecode.swift; path = Log.swift; sourceTree = "<group>"; };
		F2ADB781230D44DD0043669E /* LogTypeSelectorBulletinPage.swift */ = {isa = PBXFileReference; fileEncoding = 4; lastKnownFileType = sourcecode.swift; path = LogTypeSelectorBulletinPage.swift; sourceTree = "<group>"; };
		F2ADB782230D44DD0043669E /* FeedbackPageBulletinItem.swift */ = {isa = PBXFileReference; fileEncoding = 4; lastKnownFileType = sourcecode.swift; path = FeedbackPageBulletinItem.swift; sourceTree = "<group>"; };
		F2ADB785230D45230043669E /* FeedbackGenerators.swift */ = {isa = PBXFileReference; fileEncoding = 4; lastKnownFileType = sourcecode.swift; path = FeedbackGenerators.swift; sourceTree = "<group>"; };
		F2ADB788230E934E0043669E /* LogCell.swift */ = {isa = PBXFileReference; lastKnownFileType = sourcecode.swift; path = LogCell.swift; sourceTree = "<group>"; };
		F2C1015E2302578E000822E0 /* refreshing-stomach.app */ = {isa = PBXFileReference; explicitFileType = wrapper.application; includeInIndex = 0; path = "refreshing-stomach.app"; sourceTree = BUILT_PRODUCTS_DIR; };
		F2C101612302578E000822E0 /* AppDelegate.swift */ = {isa = PBXFileReference; lastKnownFileType = sourcecode.swift; path = AppDelegate.swift; sourceTree = "<group>"; };
		F2C101632302578E000822E0 /* ViewController.swift */ = {isa = PBXFileReference; lastKnownFileType = sourcecode.swift; path = ViewController.swift; sourceTree = "<group>"; };
		F2C101662302578E000822E0 /* Base */ = {isa = PBXFileReference; lastKnownFileType = file.storyboard; name = Base; path = Base.lproj/Main.storyboard; sourceTree = "<group>"; };
		F2C1016B23025791000822E0 /* Assets.xcassets */ = {isa = PBXFileReference; lastKnownFileType = folder.assetcatalog; path = Assets.xcassets; sourceTree = "<group>"; };
		F2C1016E23025791000822E0 /* Base */ = {isa = PBXFileReference; lastKnownFileType = file.storyboard; name = Base; path = Base.lproj/LaunchScreen.storyboard; sourceTree = "<group>"; };
		F2C1017023025791000822E0 /* Info.plist */ = {isa = PBXFileReference; lastKnownFileType = text.plist.xml; path = Info.plist; sourceTree = "<group>"; };
		F2C10176230257E6000822E0 /* ja */ = {isa = PBXFileReference; lastKnownFileType = text.plist.strings; name = ja; path = ja.lproj/Main.strings; sourceTree = "<group>"; };
		F2C10177230257E6000822E0 /* ja */ = {isa = PBXFileReference; lastKnownFileType = text.plist.strings; name = ja; path = ja.lproj/LaunchScreen.strings; sourceTree = "<group>"; };
		F2C1017923025FF0000822E0 /* Auth.storyboard */ = {isa = PBXFileReference; lastKnownFileType = file.storyboard; path = Auth.storyboard; sourceTree = "<group>"; };
		F2C1017D23026D9C000822E0 /* WelcomeController.swift */ = {isa = PBXFileReference; lastKnownFileType = sourcecode.swift; path = WelcomeController.swift; sourceTree = "<group>"; };
		F2C1017F23028422000822E0 /* RegisterController.swift */ = {isa = PBXFileReference; lastKnownFileType = sourcecode.swift; path = RegisterController.swift; sourceTree = "<group>"; };
		F2C1018223029112000822E0 /* UIViewControllerSupport.swift */ = {isa = PBXFileReference; lastKnownFileType = sourcecode.swift; path = UIViewControllerSupport.swift; sourceTree = "<group>"; };
		F2C1018423029B4E000822E0 /* EmailVerificationController.swift */ = {isa = PBXFileReference; lastKnownFileType = sourcecode.swift; path = EmailVerificationController.swift; sourceTree = "<group>"; };
		F2C101882302AF55000822E0 /* LoginController.swift */ = {isa = PBXFileReference; lastKnownFileType = sourcecode.swift; path = LoginController.swift; sourceTree = "<group>"; };
		F2C1018A2302B73B000822E0 /* SendPasswordResetMailController.swift */ = {isa = PBXFileReference; lastKnownFileType = sourcecode.swift; path = SendPasswordResetMailController.swift; sourceTree = "<group>"; };
/* End PBXFileReference section */

/* Begin PBXFrameworksBuildPhase section */
		A8FC111823126AD600C3BDF3 /* Frameworks */ = {
			isa = PBXFrameworksBuildPhase;
			buildActionMask = 2147483647;
			files = (
			);
			runOnlyForDeploymentPostprocessing = 0;
		};
		F2C1015B2302578E000822E0 /* Frameworks */ = {
			isa = PBXFrameworksBuildPhase;
			buildActionMask = 2147483647;
			files = (
				0889AECEAA58382730D032D4 /* Pods_refreshing_stomach.framework in Frameworks */,
			);
			runOnlyForDeploymentPostprocessing = 0;
		};
/* End PBXFrameworksBuildPhase section */

/* Begin PBXGroup section */
		9B49C474F08B28EB7CC480E1 /* Pods */ = {
			isa = PBXGroup;
			children = (
				EE72309FB71DBF9EAC4953B3 /* Pods-refreshing-stomach.debug.xcconfig */,
				D5C988BEC12EA7ADAA721C8C /* Pods-refreshing-stomach.release.xcconfig */,
			);
			path = Pods;
			sourceTree = "<group>";
		};
		A8FC111023126AD400C3BDF3 /* refreshing-stomach-watch */ = {
			isa = PBXGroup;
			children = (
				A8FC111123126AD400C3BDF3 /* Interface.storyboard */,
				A8FC111423126AD600C3BDF3 /* Assets.xcassets */,
				A8FC111623126AD600C3BDF3 /* Info.plist */,
			);
			path = "refreshing-stomach-watch";
			sourceTree = "<group>";
		};
		A8FC111F23126AD600C3BDF3 /* refreshing-stomach-watch Extension */ = {
			isa = PBXGroup;
			children = (
				A8FC112023126AD600C3BDF3 /* InterfaceController.swift */,
				A8FC112223126AD600C3BDF3 /* ExtensionDelegate.swift */,
				A8FC112423126AD600C3BDF3 /* NotificationController.swift */,
				A8FC112623126AD700C3BDF3 /* Assets.xcassets */,
				A8FC112823126AD700C3BDF3 /* Info.plist */,
				A8FC112923126AD700C3BDF3 /* PushNotificationPayload.apns */,
			);
			path = "refreshing-stomach-watch Extension";
			sourceTree = "<group>";
		};
		AAF74510F9F7B179E0DB3D76 /* Frameworks */ = {
			isa = PBXGroup;
			children = (
				8F949DA560B676895ED1B813 /* Pods_refreshing_stomach.framework */,
			);
			name = Frameworks;
			sourceTree = "<group>";
		};
		F201A7E22306D59C0031E9E5 /* Action */ = {
			isa = PBXGroup;
			children = (
				F201A7E32306D5C30031E9E5 /* ActionController.swift */,
			);
			path = Action;
			sourceTree = "<group>";
		};
		F266A1E923065D3500203C7F /* Models */ = {
			isa = PBXGroup;
			children = (
				F266A1EA23065D4500203C7F /* User.swift */,
				F266A1EC23068FEB00203C7F /* Log.xcdatamodeld */,
				F2ADB77B230D221B0043669E /* Log.swift */,
			);
			path = Models;
			sourceTree = "<group>";
		};
		F26D80072303E98D009F4FC9 /* Profile */ = {
			isa = PBXGroup;
			children = (
				F26D80082303E9E5009F4FC9 /* ProfileController.swift */,
				F2947D91230BA22A00970AD1 /* EditUserInfoController.swift */,
			);
			path = Profile;
			sourceTree = "<group>";
		};
		F2ADB787230E93340043669E /* Cells */ = {
			isa = PBXGroup;
			children = (
				F2ADB788230E934E0043669E /* LogCell.swift */,
			);
			path = Cells;
			sourceTree = "<group>";
		};
		F2C101552302578E000822E0 = {
			isa = PBXGroup;
			children = (
				F2C101602302578E000822E0 /* refreshing-stomach */,
				A8FC111023126AD400C3BDF3 /* refreshing-stomach-watch */,
				A8FC111F23126AD600C3BDF3 /* refreshing-stomach-watch Extension */,
				F2C1015F2302578E000822E0 /* Products */,
				9B49C474F08B28EB7CC480E1 /* Pods */,
				AAF74510F9F7B179E0DB3D76 /* Frameworks */,
			);
			sourceTree = "<group>";
		};
		F2C1015F2302578E000822E0 /* Products */ = {
			isa = PBXGroup;
			children = (
				F2C1015E2302578E000822E0 /* refreshing-stomach.app */,
				A8FC110F23126AD400C3BDF3 /* refreshing-stomach-watch.app */,
				A8FC111B23126AD600C3BDF3 /* refreshing-stomach-watch Extension.appex */,
			);
			name = Products;
			sourceTree = "<group>";
		};
		F2C101602302578E000822E0 /* refreshing-stomach */ = {
			isa = PBXGroup;
			children = (
				F2ADB787230E93340043669E /* Cells */,
				F266A1E923065D3500203C7F /* Models */,
				F2C10181230290EA000822E0 /* Supports */,
				F2C1017B23026D5C000822E0 /* Controllers */,
				F2C1017823025FD0000822E0 /* Views */,
				F2C101612302578E000822E0 /* AppDelegate.swift */,
				F2C101632302578E000822E0 /* ViewController.swift */,
				F2C1016B23025791000822E0 /* Assets.xcassets */,
				F2C1016D23025791000822E0 /* LaunchScreen.storyboard */,
				F2C1017023025791000822E0 /* Info.plist */,
				A8F39C352310FCD000C3CDA6 /* GoogleService-Info.plist */,
			);
			path = "refreshing-stomach";
			sourceTree = "<group>";
		};
		F2C1017823025FD0000822E0 /* Views */ = {
			isa = PBXGroup;
			children = (
				F2C101652302578E000822E0 /* Main.storyboard */,
				F2C1017923025FF0000822E0 /* Auth.storyboard */,
				F26D7FFF23039E28009F4FC9 /* Profile.storyboard */,
				F26D800123039E45009F4FC9 /* Logs.storyboard */,
				F26D800323039E63009F4FC9 /* Report.storyboard */,
				F26D800523039EEC009F4FC9 /* Action.storyboard */,
			);
			path = Views;
			sourceTree = "<group>";
		};
		F2C1017B23026D5C000822E0 /* Controllers */ = {
			isa = PBXGroup;
			children = (
				F201A7E22306D59C0031E9E5 /* Action */,
				F26D80072303E98D009F4FC9 /* Profile */,
				F2C1017C23026D6A000822E0 /* Auth */,
				F201A7E52306E1A30031E9E5 /* LogController.swift */,
			);
			path = Controllers;
			sourceTree = "<group>";
		};
		F2C1017C23026D6A000822E0 /* Auth */ = {
			isa = PBXGroup;
			children = (
				F2C1017D23026D9C000822E0 /* WelcomeController.swift */,
				F2C1017F23028422000822E0 /* RegisterController.swift */,
				F2C1018423029B4E000822E0 /* EmailVerificationController.swift */,
				F2C101882302AF55000822E0 /* LoginController.swift */,
				F2C1018A2302B73B000822E0 /* SendPasswordResetMailController.swift */,
				F26D800A2303F3FC009F4FC9 /* RegistUserInfoController.swift */,
			);
			path = Auth;
			sourceTree = "<group>";
		};
		F2C10181230290EA000822E0 /* Supports */ = {
			isa = PBXGroup;
			children = (
				F2ADB785230D45230043669E /* FeedbackGenerators.swift */,
				F2ADB782230D44DD0043669E /* FeedbackPageBulletinItem.swift */,
				F2ADB781230D44DD0043669E /* LogTypeSelectorBulletinPage.swift */,
				F2C1018223029112000822E0 /* UIViewControllerSupport.swift */,
				F266A1E523054A0400203C7F /* UserDefaultsSupport.swift */,
				F266A1E723054D8300203C7F /* SystemSupport.swift */,
				F2ADB779230CE40A0043669E /* UISupport.swift */,
				A8FC113723127CB100C3BDF3 /* WatchSupport.swift */,
			);
			path = Supports;
			sourceTree = "<group>";
		};
/* End PBXGroup section */

/* Begin PBXNativeTarget section */
		A8FC110E23126AD400C3BDF3 /* refreshing-stomach-watch */ = {
			isa = PBXNativeTarget;
			buildConfigurationList = A8FC113323126AD700C3BDF3 /* Build configuration list for PBXNativeTarget "refreshing-stomach-watch" */;
			buildPhases = (
				A8FC110D23126AD400C3BDF3 /* Resources */,
				A8FC113223126AD700C3BDF3 /* Embed App Extensions */,
			);
			buildRules = (
			);
			dependencies = (
				A8FC111E23126AD600C3BDF3 /* PBXTargetDependency */,
			);
			name = "refreshing-stomach-watch";
			productName = "refreshing-stomach-watch";
			productReference = A8FC110F23126AD400C3BDF3 /* refreshing-stomach-watch.app */;
			productType = "com.apple.product-type.application.watchapp2";
		};
		A8FC111A23126AD600C3BDF3 /* refreshing-stomach-watch Extension */ = {
			isa = PBXNativeTarget;
			buildConfigurationList = A8FC113123126AD700C3BDF3 /* Build configuration list for PBXNativeTarget "refreshing-stomach-watch Extension" */;
			buildPhases = (
				A8FC111723126AD600C3BDF3 /* Sources */,
				A8FC111823126AD600C3BDF3 /* Frameworks */,
				A8FC111923126AD600C3BDF3 /* Resources */,
			);
			buildRules = (
			);
			dependencies = (
			);
			name = "refreshing-stomach-watch Extension";
			productName = "refreshing-stomach-watch Extension";
			productReference = A8FC111B23126AD600C3BDF3 /* refreshing-stomach-watch Extension.appex */;
			productType = "com.apple.product-type.watchkit2-extension";
		};
		F2C1015D2302578E000822E0 /* refreshing-stomach */ = {
			isa = PBXNativeTarget;
			buildConfigurationList = F2C1017323025791000822E0 /* Build configuration list for PBXNativeTarget "refreshing-stomach" */;
			buildPhases = (
				6CD46B00E7D5D83BB0F47A12 /* [CP] Check Pods Manifest.lock */,
				F2C1015A2302578E000822E0 /* Sources */,
				F2C1015B2302578E000822E0 /* Frameworks */,
				F2C1015C2302578E000822E0 /* Resources */,
				097A9B383F09F9C38A4741E5 /* [CP] Embed Pods Frameworks */,
				A8FC113423126AD700C3BDF3 /* Embed Watch Content */,
			);
			buildRules = (
			);
			dependencies = (
				A8FC112B23126AD700C3BDF3 /* PBXTargetDependency */,
			);
			name = "refreshing-stomach";
			productName = "refreshing-stomach";
			productReference = F2C1015E2302578E000822E0 /* refreshing-stomach.app */;
			productType = "com.apple.product-type.application";
		};
/* End PBXNativeTarget section */

/* Begin PBXProject section */
		F2C101562302578E000822E0 /* Project object */ = {
			isa = PBXProject;
			attributes = {
				LastSwiftUpdateCheck = 1030;
				LastUpgradeCheck = 1030;
				ORGANIZATIONNAME = Lindelin;
				TargetAttributes = {
					A8FC110E23126AD400C3BDF3 = {
						CreatedOnToolsVersion = 10.3;
					};
					A8FC111A23126AD600C3BDF3 = {
						CreatedOnToolsVersion = 10.3;
					};
					F2C1015D2302578E000822E0 = {
						CreatedOnToolsVersion = 10.3;
					};
				};
			};
			buildConfigurationList = F2C101592302578E000822E0 /* Build configuration list for PBXProject "refreshing-stomach" */;
			compatibilityVersion = "Xcode 9.3";
			developmentRegion = en;
			hasScannedForEncodings = 0;
			knownRegions = (
				en,
				Base,
				ja,
			);
			mainGroup = F2C101552302578E000822E0;
			productRefGroup = F2C1015F2302578E000822E0 /* Products */;
			projectDirPath = "";
			projectRoot = "";
			targets = (
				F2C1015D2302578E000822E0 /* refreshing-stomach */,
				A8FC110E23126AD400C3BDF3 /* refreshing-stomach-watch */,
				A8FC111A23126AD600C3BDF3 /* refreshing-stomach-watch Extension */,
			);
		};
/* End PBXProject section */

/* Begin PBXResourcesBuildPhase section */
		A8FC110D23126AD400C3BDF3 /* Resources */ = {
			isa = PBXResourcesBuildPhase;
			buildActionMask = 2147483647;
			files = (
				A8FC111523126AD600C3BDF3 /* Assets.xcassets in Resources */,
				A8FC111323126AD400C3BDF3 /* Interface.storyboard in Resources */,
			);
			runOnlyForDeploymentPostprocessing = 0;
		};
		A8FC111923126AD600C3BDF3 /* Resources */ = {
			isa = PBXResourcesBuildPhase;
			buildActionMask = 2147483647;
			files = (
				A8FC113623126FC900C3BDF3 /* Assets.xcassets in Resources */,
				A8FC112723126AD700C3BDF3 /* Assets.xcassets in Resources */,
			);
			runOnlyForDeploymentPostprocessing = 0;
		};
		F2C1015C2302578E000822E0 /* Resources */ = {
			isa = PBXResourcesBuildPhase;
			buildActionMask = 2147483647;
			files = (
				F26D800023039E28009F4FC9 /* Profile.storyboard in Resources */,
				F26D800423039E63009F4FC9 /* Report.storyboard in Resources */,
				A8F39C362310FCD000C3CDA6 /* GoogleService-Info.plist in Resources */,
				F2C1017A23025FF0000822E0 /* Auth.storyboard in Resources */,
				F2C1016F23025791000822E0 /* LaunchScreen.storyboard in Resources */,
				F26D800623039EEC009F4FC9 /* Action.storyboard in Resources */,
				F2C1016C23025791000822E0 /* Assets.xcassets in Resources */,
				F26D800223039E45009F4FC9 /* Logs.storyboard in Resources */,
				F2C101672302578E000822E0 /* Main.storyboard in Resources */,
			);
			runOnlyForDeploymentPostprocessing = 0;
		};
/* End PBXResourcesBuildPhase section */

/* Begin PBXShellScriptBuildPhase section */
		097A9B383F09F9C38A4741E5 /* [CP] Embed Pods Frameworks */ = {
			isa = PBXShellScriptBuildPhase;
			buildActionMask = 2147483647;
			files = (
			);
			inputFileListPaths = (
			);
			inputPaths = (
				"${PODS_ROOT}/Target Support Files/Pods-refreshing-stomach/Pods-refreshing-stomach-frameworks.sh",
				"${BUILT_PRODUCTS_DIR}/BoringSSL-GRPC/openssl_grpc.framework",
				"${BUILT_PRODUCTS_DIR}/BulletinBoard/BLTNBoard.framework",
				"${BUILT_PRODUCTS_DIR}/GTMSessionFetcher/GTMSessionFetcher.framework",
				"${BUILT_PRODUCTS_DIR}/GoogleUtilities/GoogleUtilities.framework",
				"${BUILT_PRODUCTS_DIR}/KRActivityIndicatorView/KRActivityIndicatorView.framework",
				"${BUILT_PRODUCTS_DIR}/KRProgressHUD/KRProgressHUD.framework",
				"${BUILT_PRODUCTS_DIR}/Protobuf/Protobuf.framework",
				"${BUILT_PRODUCTS_DIR}/gRPC-C++/grpcpp.framework",
				"${BUILT_PRODUCTS_DIR}/gRPC-Core/grpc.framework",
				"${BUILT_PRODUCTS_DIR}/leveldb-library/leveldb.framework",
				"${BUILT_PRODUCTS_DIR}/nanopb/nanopb.framework",
			);
			name = "[CP] Embed Pods Frameworks";
			outputFileListPaths = (
			);
			outputPaths = (
				"${TARGET_BUILD_DIR}/${FRAMEWORKS_FOLDER_PATH}/openssl_grpc.framework",
				"${TARGET_BUILD_DIR}/${FRAMEWORKS_FOLDER_PATH}/BLTNBoard.framework",
				"${TARGET_BUILD_DIR}/${FRAMEWORKS_FOLDER_PATH}/GTMSessionFetcher.framework",
				"${TARGET_BUILD_DIR}/${FRAMEWORKS_FOLDER_PATH}/GoogleUtilities.framework",
				"${TARGET_BUILD_DIR}/${FRAMEWORKS_FOLDER_PATH}/KRActivityIndicatorView.framework",
				"${TARGET_BUILD_DIR}/${FRAMEWORKS_FOLDER_PATH}/KRProgressHUD.framework",
				"${TARGET_BUILD_DIR}/${FRAMEWORKS_FOLDER_PATH}/Protobuf.framework",
				"${TARGET_BUILD_DIR}/${FRAMEWORKS_FOLDER_PATH}/grpcpp.framework",
				"${TARGET_BUILD_DIR}/${FRAMEWORKS_FOLDER_PATH}/grpc.framework",
				"${TARGET_BUILD_DIR}/${FRAMEWORKS_FOLDER_PATH}/leveldb.framework",
				"${TARGET_BUILD_DIR}/${FRAMEWORKS_FOLDER_PATH}/nanopb.framework",
			);
			runOnlyForDeploymentPostprocessing = 0;
			shellPath = /bin/sh;
			shellScript = "\"${PODS_ROOT}/Target Support Files/Pods-refreshing-stomach/Pods-refreshing-stomach-frameworks.sh\"\n";
			showEnvVarsInLog = 0;
		};
		6CD46B00E7D5D83BB0F47A12 /* [CP] Check Pods Manifest.lock */ = {
			isa = PBXShellScriptBuildPhase;
			buildActionMask = 2147483647;
			files = (
			);
			inputFileListPaths = (
			);
			inputPaths = (
				"${PODS_PODFILE_DIR_PATH}/Podfile.lock",
				"${PODS_ROOT}/Manifest.lock",
			);
			name = "[CP] Check Pods Manifest.lock";
			outputFileListPaths = (
			);
			outputPaths = (
				"$(DERIVED_FILE_DIR)/Pods-refreshing-stomach-checkManifestLockResult.txt",
			);
			runOnlyForDeploymentPostprocessing = 0;
			shellPath = /bin/sh;
			shellScript = "diff \"${PODS_PODFILE_DIR_PATH}/Podfile.lock\" \"${PODS_ROOT}/Manifest.lock\" > /dev/null\nif [ $? != 0 ] ; then\n    # print error to STDERR\n    echo \"error: The sandbox is not in sync with the Podfile.lock. Run 'pod install' or update your CocoaPods installation.\" >&2\n    exit 1\nfi\n# This output is used by Xcode 'outputs' to avoid re-running this script phase.\necho \"SUCCESS\" > \"${SCRIPT_OUTPUT_FILE_0}\"\n";
			showEnvVarsInLog = 0;
		};
/* End PBXShellScriptBuildPhase section */

/* Begin PBXSourcesBuildPhase section */
		A8FC111723126AD600C3BDF3 /* Sources */ = {
			isa = PBXSourcesBuildPhase;
			buildActionMask = 2147483647;
			files = (
				A8FC112523126AD600C3BDF3 /* NotificationController.swift in Sources */,
				A8FC112323126AD600C3BDF3 /* ExtensionDelegate.swift in Sources */,
				A8FC112123126AD600C3BDF3 /* InterfaceController.swift in Sources */,
			);
			runOnlyForDeploymentPostprocessing = 0;
		};
		F2C1015A2302578E000822E0 /* Sources */ = {
			isa = PBXSourcesBuildPhase;
			buildActionMask = 2147483647;
			files = (
				F266A1E623054A0400203C7F /* UserDefaultsSupport.swift in Sources */,
				A8FC113823127CB100C3BDF3 /* WatchSupport.swift in Sources */,
				F2ADB77A230CE40A0043669E /* UISupport.swift in Sources */,
				F2C1018323029112000822E0 /* UIViewControllerSupport.swift in Sources */,
				F2C1018023028422000822E0 /* RegisterController.swift in Sources */,
				F201A7E42306D5C30031E9E5 /* ActionController.swift in Sources */,
				F201A7E62306E1A30031E9E5 /* LogController.swift in Sources */,
				F2ADB789230E934E0043669E /* LogCell.swift in Sources */,
				F26D800B2303F3FC009F4FC9 /* RegistUserInfoController.swift in Sources */,
				F266A1EE23068FEB00203C7F /* Log.xcdatamodeld in Sources */,
				F266A1E823054D8300203C7F /* SystemSupport.swift in Sources */,
				F266A1EB23065D4500203C7F /* User.swift in Sources */,
				F2ADB783230D44DE0043669E /* LogTypeSelectorBulletinPage.swift in Sources */,
				F2C1018523029B4E000822E0 /* EmailVerificationController.swift in Sources */,
				F2ADB786230D45240043669E /* FeedbackGenerators.swift in Sources */,
				F2C101642302578E000822E0 /* ViewController.swift in Sources */,
				F26D80092303E9E5009F4FC9 /* ProfileController.swift in Sources */,
				F2C101892302AF55000822E0 /* LoginController.swift in Sources */,
				F2ADB77C230D221B0043669E /* Log.swift in Sources */,
				F2C1017E23026D9C000822E0 /* WelcomeController.swift in Sources */,
				F2ADB784230D44DE0043669E /* FeedbackPageBulletinItem.swift in Sources */,
				F2C101622302578E000822E0 /* AppDelegate.swift in Sources */,
				F2C1018B2302B73B000822E0 /* SendPasswordResetMailController.swift in Sources */,
				F2947D92230BA22A00970AD1 /* EditUserInfoController.swift in Sources */,
			);
			runOnlyForDeploymentPostprocessing = 0;
		};
/* End PBXSourcesBuildPhase section */

/* Begin PBXTargetDependency section */
		A8FC111E23126AD600C3BDF3 /* PBXTargetDependency */ = {
			isa = PBXTargetDependency;
			target = A8FC111A23126AD600C3BDF3 /* refreshing-stomach-watch Extension */;
			targetProxy = A8FC111D23126AD600C3BDF3 /* PBXContainerItemProxy */;
		};
		A8FC112B23126AD700C3BDF3 /* PBXTargetDependency */ = {
			isa = PBXTargetDependency;
			target = A8FC110E23126AD400C3BDF3 /* refreshing-stomach-watch */;
			targetProxy = A8FC112A23126AD700C3BDF3 /* PBXContainerItemProxy */;
		};
/* End PBXTargetDependency section */

/* Begin PBXVariantGroup section */
		A8FC111123126AD400C3BDF3 /* Interface.storyboard */ = {
			isa = PBXVariantGroup;
			children = (
				A8FC111223126AD400C3BDF3 /* Base */,
			);
			name = Interface.storyboard;
			sourceTree = "<group>";
		};
		F2C101652302578E000822E0 /* Main.storyboard */ = {
			isa = PBXVariantGroup;
			children = (
				F2C101662302578E000822E0 /* Base */,
				F2C10176230257E6000822E0 /* ja */,
			);
			name = Main.storyboard;
			sourceTree = "<group>";
		};
		F2C1016D23025791000822E0 /* LaunchScreen.storyboard */ = {
			isa = PBXVariantGroup;
			children = (
				F2C1016E23025791000822E0 /* Base */,
				F2C10177230257E6000822E0 /* ja */,
			);
			name = LaunchScreen.storyboard;
			sourceTree = "<group>";
		};
/* End PBXVariantGroup section */

/* Begin XCBuildConfiguration section */
		A8FC112D23126AD700C3BDF3 /* Debug */ = {
			isa = XCBuildConfiguration;
			buildSettings = {
				ALWAYS_EMBED_SWIFT_STANDARD_LIBRARIES = YES;
				ASSETCATALOG_COMPILER_APPICON_NAME = AppIcon;
				CODE_SIGN_STYLE = Automatic;
				DEVELOPMENT_TEAM = QDZ72V563C;
				IBSC_MODULE = refreshing_stomach_watch_Extension;
				INFOPLIST_FILE = "refreshing-stomach-watch/Info.plist";
				PRODUCT_BUNDLE_IDENTIFIER = "org.lindelin.refreshing-stomach.watchkitapp";
				PRODUCT_NAME = "$(TARGET_NAME)";
				SDKROOT = watchos;
				SKIP_INSTALL = YES;
				SWIFT_VERSION = 5.0;
				TARGETED_DEVICE_FAMILY = 4;
				WATCHOS_DEPLOYMENT_TARGET = 5.3;
			};
			name = Debug;
		};
		A8FC112E23126AD700C3BDF3 /* Release */ = {
			isa = XCBuildConfiguration;
			buildSettings = {
				ALWAYS_EMBED_SWIFT_STANDARD_LIBRARIES = YES;
				ASSETCATALOG_COMPILER_APPICON_NAME = AppIcon;
				CODE_SIGN_STYLE = Automatic;
				DEVELOPMENT_TEAM = QDZ72V563C;
				IBSC_MODULE = refreshing_stomach_watch_Extension;
				INFOPLIST_FILE = "refreshing-stomach-watch/Info.plist";
				PRODUCT_BUNDLE_IDENTIFIER = "org.lindelin.refreshing-stomach.watchkitapp";
				PRODUCT_NAME = "$(TARGET_NAME)";
				SDKROOT = watchos;
				SKIP_INSTALL = YES;
				SWIFT_VERSION = 5.0;
				TARGETED_DEVICE_FAMILY = 4;
				WATCHOS_DEPLOYMENT_TARGET = 5.3;
			};
			name = Release;
		};
		A8FC112F23126AD700C3BDF3 /* Debug */ = {
			isa = XCBuildConfiguration;
			buildSettings = {
				ASSETCATALOG_COMPILER_COMPLICATION_NAME = Complication;
				CODE_SIGN_STYLE = Automatic;
				DEVELOPMENT_TEAM = QDZ72V563C;
				INFOPLIST_FILE = "refreshing-stomach-watch Extension/Info.plist";
				LD_RUNPATH_SEARCH_PATHS = (
					"$(inherited)",
					"@executable_path/Frameworks",
					"@executable_path/../../Frameworks",
				);
				PRODUCT_BUNDLE_IDENTIFIER = "org.lindelin.refreshing-stomach.watchkitapp.watchkitextension";
				PRODUCT_NAME = "${TARGET_NAME}";
				SDKROOT = watchos;
				SKIP_INSTALL = YES;
				SWIFT_VERSION = 5.0;
				TARGETED_DEVICE_FAMILY = 4;
				WATCHOS_DEPLOYMENT_TARGET = 5.3;
			};
			name = Debug;
		};
		A8FC113023126AD700C3BDF3 /* Release */ = {
			isa = XCBuildConfiguration;
			buildSettings = {
				ASSETCATALOG_COMPILER_COMPLICATION_NAME = Complication;
				CODE_SIGN_STYLE = Automatic;
				DEVELOPMENT_TEAM = QDZ72V563C;
				INFOPLIST_FILE = "refreshing-stomach-watch Extension/Info.plist";
				LD_RUNPATH_SEARCH_PATHS = (
					"$(inherited)",
					"@executable_path/Frameworks",
					"@executable_path/../../Frameworks",
				);
				PRODUCT_BUNDLE_IDENTIFIER = "org.lindelin.refreshing-stomach.watchkitapp.watchkitextension";
				PRODUCT_NAME = "${TARGET_NAME}";
				SDKROOT = watchos;
				SKIP_INSTALL = YES;
				SWIFT_VERSION = 5.0;
				TARGETED_DEVICE_FAMILY = 4;
				WATCHOS_DEPLOYMENT_TARGET = 5.3;
			};
			name = Release;
		};
		F2C1017123025791000822E0 /* Debug */ = {
			isa = XCBuildConfiguration;
			buildSettings = {
				ALWAYS_SEARCH_USER_PATHS = NO;
				CLANG_ANALYZER_LOCALIZABILITY_NONLOCALIZED = YES;
				CLANG_ANALYZER_NONNULL = YES;
				CLANG_ANALYZER_NUMBER_OBJECT_CONVERSION = YES_AGGRESSIVE;
				CLANG_CXX_LANGUAGE_STANDARD = "gnu++14";
				CLANG_CXX_LIBRARY = "libc++";
				CLANG_ENABLE_MODULES = YES;
				CLANG_ENABLE_OBJC_ARC = YES;
				CLANG_ENABLE_OBJC_WEAK = YES;
				CLANG_WARN_BLOCK_CAPTURE_AUTORELEASING = YES;
				CLANG_WARN_BOOL_CONVERSION = YES;
				CLANG_WARN_COMMA = YES;
				CLANG_WARN_CONSTANT_CONVERSION = YES;
				CLANG_WARN_DEPRECATED_OBJC_IMPLEMENTATIONS = YES;
				CLANG_WARN_DIRECT_OBJC_ISA_USAGE = YES_ERROR;
				CLANG_WARN_DOCUMENTATION_COMMENTS = YES;
				CLANG_WARN_EMPTY_BODY = YES;
				CLANG_WARN_ENUM_CONVERSION = YES;
				CLANG_WARN_INFINITE_RECURSION = YES;
				CLANG_WARN_INT_CONVERSION = YES;
				CLANG_WARN_NON_LITERAL_NULL_CONVERSION = YES;
				CLANG_WARN_OBJC_IMPLICIT_RETAIN_SELF = YES;
				CLANG_WARN_OBJC_LITERAL_CONVERSION = YES;
				CLANG_WARN_OBJC_ROOT_CLASS = YES_ERROR;
				CLANG_WARN_RANGE_LOOP_ANALYSIS = YES;
				CLANG_WARN_STRICT_PROTOTYPES = YES;
				CLANG_WARN_SUSPICIOUS_MOVE = YES;
				CLANG_WARN_UNGUARDED_AVAILABILITY = YES_AGGRESSIVE;
				CLANG_WARN_UNREACHABLE_CODE = YES;
				CLANG_WARN__DUPLICATE_METHOD_MATCH = YES;
				CODE_SIGN_IDENTITY = "iPhone Developer";
				COPY_PHASE_STRIP = NO;
				DEBUG_INFORMATION_FORMAT = dwarf;
				ENABLE_STRICT_OBJC_MSGSEND = YES;
				ENABLE_TESTABILITY = YES;
				GCC_C_LANGUAGE_STANDARD = gnu11;
				GCC_DYNAMIC_NO_PIC = NO;
				GCC_NO_COMMON_BLOCKS = YES;
				GCC_OPTIMIZATION_LEVEL = 0;
				GCC_PREPROCESSOR_DEFINITIONS = (
					"DEBUG=1",
					"$(inherited)",
				);
				GCC_WARN_64_TO_32_BIT_CONVERSION = YES;
				GCC_WARN_ABOUT_RETURN_TYPE = YES_ERROR;
				GCC_WARN_UNDECLARED_SELECTOR = YES;
				GCC_WARN_UNINITIALIZED_AUTOS = YES_AGGRESSIVE;
				GCC_WARN_UNUSED_FUNCTION = YES;
				GCC_WARN_UNUSED_VARIABLE = YES;
				IPHONEOS_DEPLOYMENT_TARGET = 12.4;
				MTL_ENABLE_DEBUG_INFO = INCLUDE_SOURCE;
				MTL_FAST_MATH = YES;
				ONLY_ACTIVE_ARCH = YES;
				SDKROOT = iphoneos;
				SWIFT_ACTIVE_COMPILATION_CONDITIONS = DEBUG;
				SWIFT_OPTIMIZATION_LEVEL = "-Onone";
			};
			name = Debug;
		};
		F2C1017223025791000822E0 /* Release */ = {
			isa = XCBuildConfiguration;
			buildSettings = {
				ALWAYS_SEARCH_USER_PATHS = NO;
				CLANG_ANALYZER_LOCALIZABILITY_NONLOCALIZED = YES;
				CLANG_ANALYZER_NONNULL = YES;
				CLANG_ANALYZER_NUMBER_OBJECT_CONVERSION = YES_AGGRESSIVE;
				CLANG_CXX_LANGUAGE_STANDARD = "gnu++14";
				CLANG_CXX_LIBRARY = "libc++";
				CLANG_ENABLE_MODULES = YES;
				CLANG_ENABLE_OBJC_ARC = YES;
				CLANG_ENABLE_OBJC_WEAK = YES;
				CLANG_WARN_BLOCK_CAPTURE_AUTORELEASING = YES;
				CLANG_WARN_BOOL_CONVERSION = YES;
				CLANG_WARN_COMMA = YES;
				CLANG_WARN_CONSTANT_CONVERSION = YES;
				CLANG_WARN_DEPRECATED_OBJC_IMPLEMENTATIONS = YES;
				CLANG_WARN_DIRECT_OBJC_ISA_USAGE = YES_ERROR;
				CLANG_WARN_DOCUMENTATION_COMMENTS = YES;
				CLANG_WARN_EMPTY_BODY = YES;
				CLANG_WARN_ENUM_CONVERSION = YES;
				CLANG_WARN_INFINITE_RECURSION = YES;
				CLANG_WARN_INT_CONVERSION = YES;
				CLANG_WARN_NON_LITERAL_NULL_CONVERSION = YES;
				CLANG_WARN_OBJC_IMPLICIT_RETAIN_SELF = YES;
				CLANG_WARN_OBJC_LITERAL_CONVERSION = YES;
				CLANG_WARN_OBJC_ROOT_CLASS = YES_ERROR;
				CLANG_WARN_RANGE_LOOP_ANALYSIS = YES;
				CLANG_WARN_STRICT_PROTOTYPES = YES;
				CLANG_WARN_SUSPICIOUS_MOVE = YES;
				CLANG_WARN_UNGUARDED_AVAILABILITY = YES_AGGRESSIVE;
				CLANG_WARN_UNREACHABLE_CODE = YES;
				CLANG_WARN__DUPLICATE_METHOD_MATCH = YES;
				CODE_SIGN_IDENTITY = "iPhone Developer";
				COPY_PHASE_STRIP = NO;
				DEBUG_INFORMATION_FORMAT = "dwarf-with-dsym";
				ENABLE_NS_ASSERTIONS = NO;
				ENABLE_STRICT_OBJC_MSGSEND = YES;
				GCC_C_LANGUAGE_STANDARD = gnu11;
				GCC_NO_COMMON_BLOCKS = YES;
				GCC_WARN_64_TO_32_BIT_CONVERSION = YES;
				GCC_WARN_ABOUT_RETURN_TYPE = YES_ERROR;
				GCC_WARN_UNDECLARED_SELECTOR = YES;
				GCC_WARN_UNINITIALIZED_AUTOS = YES_AGGRESSIVE;
				GCC_WARN_UNUSED_FUNCTION = YES;
				GCC_WARN_UNUSED_VARIABLE = YES;
				IPHONEOS_DEPLOYMENT_TARGET = 12.4;
				MTL_ENABLE_DEBUG_INFO = NO;
				MTL_FAST_MATH = YES;
				SDKROOT = iphoneos;
				SWIFT_COMPILATION_MODE = wholemodule;
				SWIFT_OPTIMIZATION_LEVEL = "-O";
				VALIDATE_PRODUCT = YES;
			};
			name = Release;
		};
		F2C1017423025791000822E0 /* Debug */ = {
			isa = XCBuildConfiguration;
			baseConfigurationReference = EE72309FB71DBF9EAC4953B3 /* Pods-refreshing-stomach.debug.xcconfig */;
			buildSettings = {
				ASSETCATALOG_COMPILER_APPICON_NAME = AppIcon;
				CODE_SIGN_STYLE = Automatic;
				DEVELOPMENT_TEAM = QDZ72V563C;
				INFOPLIST_FILE = "refreshing-stomach/Info.plist";
				LD_RUNPATH_SEARCH_PATHS = (
					"$(inherited)",
					"@executable_path/Frameworks",
				);
				PRODUCT_BUNDLE_IDENTIFIER = "org.lindelin.refreshing-stomach";
				PRODUCT_NAME = "$(TARGET_NAME)";
				SWIFT_VERSION = 5.0;
				TARGETED_DEVICE_FAMILY = 1;
			};
			name = Debug;
		};
		F2C1017523025791000822E0 /* Release */ = {
			isa = XCBuildConfiguration;
			baseConfigurationReference = D5C988BEC12EA7ADAA721C8C /* Pods-refreshing-stomach.release.xcconfig */;
			buildSettings = {
				ASSETCATALOG_COMPILER_APPICON_NAME = AppIcon;
				CODE_SIGN_STYLE = Automatic;
				DEVELOPMENT_TEAM = QDZ72V563C;
				INFOPLIST_FILE = "refreshing-stomach/Info.plist";
				LD_RUNPATH_SEARCH_PATHS = (
					"$(inherited)",
					"@executable_path/Frameworks",
				);
				PRODUCT_BUNDLE_IDENTIFIER = "org.lindelin.refreshing-stomach";
				PRODUCT_NAME = "$(TARGET_NAME)";
				SWIFT_VERSION = 5.0;
				TARGETED_DEVICE_FAMILY = 1;
			};
			name = Release;
		};
/* End XCBuildConfiguration section */

/* Begin XCConfigurationList section */
		A8FC113123126AD700C3BDF3 /* Build configuration list for PBXNativeTarget "refreshing-stomach-watch Extension" */ = {
			isa = XCConfigurationList;
			buildConfigurations = (
				A8FC112F23126AD700C3BDF3 /* Debug */,
				A8FC113023126AD700C3BDF3 /* Release */,
			);
			defaultConfigurationIsVisible = 0;
			defaultConfigurationName = Release;
		};
		A8FC113323126AD700C3BDF3 /* Build configuration list for PBXNativeTarget "refreshing-stomach-watch" */ = {
			isa = XCConfigurationList;
			buildConfigurations = (
				A8FC112D23126AD700C3BDF3 /* Debug */,
				A8FC112E23126AD700C3BDF3 /* Release */,
			);
			defaultConfigurationIsVisible = 0;
			defaultConfigurationName = Release;
		};
		F2C101592302578E000822E0 /* Build configuration list for PBXProject "refreshing-stomach" */ = {
			isa = XCConfigurationList;
			buildConfigurations = (
				F2C1017123025791000822E0 /* Debug */,
				F2C1017223025791000822E0 /* Release */,
			);
			defaultConfigurationIsVisible = 0;
			defaultConfigurationName = Release;
		};
		F2C1017323025791000822E0 /* Build configuration list for PBXNativeTarget "refreshing-stomach" */ = {
			isa = XCConfigurationList;
			buildConfigurations = (
				F2C1017423025791000822E0 /* Debug */,
				F2C1017523025791000822E0 /* Release */,
			);
			defaultConfigurationIsVisible = 0;
			defaultConfigurationName = Release;
		};
/* End XCConfigurationList section */

/* Begin XCVersionGroup section */
		F266A1EC23068FEB00203C7F /* Log.xcdatamodeld */ = {
			isa = XCVersionGroup;
			children = (
				F266A1ED23068FEB00203C7F /* Log.xcdatamodel */,
			);
			currentVersion = F266A1ED23068FEB00203C7F /* Log.xcdatamodel */;
			path = Log.xcdatamodeld;
			sourceTree = "<group>";
			versionGroupType = wrapper.xcdatamodel;
		};
/* End XCVersionGroup section */
	};
	rootObject = F2C101562302578E000822E0 /* Project object */;
}
